Microsoft Visual Studio Solution File, Format Version 12.00
# Visual Studio 2012
Project("{FAE04EC0-301F-11D3-BF4B-00C04F79EFBC}") = "Goodot 15", "Goodot 15.csproj", "{BCDB1D79-74B6-40C3-AE5F-E84BD1C2E247}"
EndProject
Global
	GlobalSection(SolutionConfigurationPlatforms) = preSolution
	Debug|Any CPU = Debug|Any CPU
	ExportDebug|Any CPU = ExportDebug|Any CPU
	ExportRelease|Any CPU = ExportRelease|Any CPU
	EndGlobalSection
	GlobalSection(ProjectConfigurationPlatforms) = postSolution
		{BCDB1D79-74B6-40C3-AE5F-E84BD1C2E247}.Debug|Any CPU.ActiveCfg = Debug|Any CPU
		{BCDB1D79-74B6-40C3-AE5F-E84BD1C2E247}.Debug|Any CPU.Build.0 = Debug|Any CPU
		{BCDB1D79-74B6-40C3-AE5F-E84BD1C2E247}.ExportDebug|Any CPU.ActiveCfg = ExportDebug|Any CPU
		{BCDB1D79-74B6-40C3-AE5F-E84BD1C2E247}.ExportDebug|Any CPU.Build.0 = ExportDebug|Any CPU
		{BCDB1D79-74B6-40C3-AE5F-E84BD1C2E247}.ExportRelease|Any CPU.ActiveCfg = ExportRelease|Any CPU
		{BCDB1D79-74B6-40C3-AE5F-E84BD1C2E247}.ExportRelease|Any CPU.Build.0 = ExportRelease|Any CPU
	EndGlobalSection
EndGlobal
