Microsoft Visual Studio Solution File, Format Version 12.00
# Visual Studio 2012
Project("{FAE04EC0-301F-11D3-BF4B-00C04F79EFBC}") = "Goodot 15", "Goodot 15.csproj", "{25C7B408-9480-4F5E-949C-A0D251EDE2EC}"
EndProject
Global
	GlobalSection(SolutionConfigurationPlatforms) = preSolution
	Debug|Any CPU = Debug|Any CPU
	ExportDebug|Any CPU = ExportDebug|Any CPU
	ExportRelease|Any CPU = ExportRelease|Any CPU
	EndGlobalSection
	GlobalSection(ProjectConfigurationPlatforms) = postSolution
		{25C7B408-9480-4F5E-949C-A0D251EDE2EC}.Debug|Any CPU.ActiveCfg = Debug|Any CPU
		{25C7B408-9480-4F5E-949C-A0D251EDE2EC}.Debug|Any CPU.Build.0 = Debug|Any CPU
		{25C7B408-9480-4F5E-949C-A0D251EDE2EC}.ExportDebug|Any CPU.ActiveCfg = ExportDebug|Any CPU
		{25C7B408-9480-4F5E-949C-A0D251EDE2EC}.ExportDebug|Any CPU.Build.0 = ExportDebug|Any CPU
		{25C7B408-9480-4F5E-949C-A0D251EDE2EC}.ExportRelease|Any CPU.ActiveCfg = ExportRelease|Any CPU
		{25C7B408-9480-4F5E-949C-A0D251EDE2EC}.ExportRelease|Any CPU.Build.0 = ExportRelease|Any CPU
	EndGlobalSection
EndGlobal
